
Microsoft Visual Studio Solution File, Format Version 12.00
# Visual Studio Version 16
VisualStudioVersion = 16.0.31424.327
MinimumVisualStudioVersion = 10.0.40219.1
Project("{9A19103F-16F7-4668-BE54-9A1E7A4F7556}") = "MyDotnetWeb", "MyDotnetWeb\MyDotnetWeb.csproj", "{D24008B2-3583-465D-9A28-770858A32764}"
EndProject
Global
	GlobalSection(SolutionConfigurationPlatforms) = preSolution
		Debug|Any CPU = Debug|Any CPU
		Release|Any CPU = Release|Any CPU
	EndGlobalSection
	GlobalSection(ProjectConfigurationPlatforms) = postSolution
		{D24008B2-3583-465D-9A28-770858A32764}.Debug|Any CPU.ActiveCfg = Debug|Any CPU
		{D24008B2-3583-465D-9A28-770858A32764}.Debug|Any CPU.Build.0 = Debug|Any CPU
		{D24008B2-3583-465D-9A28-770858A32764}.Release|Any CPU.ActiveCfg = Release|Any CPU
		{D24008B2-3583-465D-9A28-770858A32764}.Release|Any CPU.Build.0 = Release|Any CPU
	EndGlobalSection
	GlobalSection(SolutionProperties) = preSolution
		HideSolutionNode = FALSE
	EndGlobalSection
	GlobalSection(ExtensibilityGlobals) = postSolution
		SolutionGuid = {41CAB5A1-9009-4606-B96B-86A7D088C100}
	EndGlobalSection
EndGlobal
